lockfileVersion: '9.0'

settings:
  autoInstallPeers: true
  excludeLinksFromLockfile: false

importers:

  .:
    dependencies:
      cytoscape:
        specifier: ^3.30.0
        version: 3.34.0
    devDependencies:
      typescript:
        specifier: ^5.7.0
        version: 5.9.3

packages:

  cytoscape@3.34.0:
    resolution: {integrity: sha512-62rNSrioXw93uliKFBwjukeQyeWwH2PqDrTac31r2P6464u3AUvTk0xS4LVvT251g7IgkFunrI48ZEZGjywSOg==}
    engines: {node: '>=0.10'}

  typescript@5.9.3:
    resolution: {integrity: sha512-jl1vZzPDinLr9eUt3J/t7V6FgNEw9QjvBPdysz9KfQDD41fQrC2Y4vKQdiaUpFT4bXlb1RHhLpp8wtm6M5TgSw==}
    engines: {node: '>=14.17'}
    hasBin: true

snapshots:

  cytoscape@3.34.0: {}

  typescript@5.9.3: {}
